// !$*UTF8*$!
{
	archiveVersion = 1;
	classes = {
	};
	objectVersion = 50;
	objects = {

/* Begin PBXBuildFile section */
		021262A5523285A783A8CD99 /* Pods_Smack.framework in Frameworks */ = {isa = PBXBuildFile; fileRef = 2A0A7237D54584DB33B64144 /* Pods_Smack.framework */; };
		D23B15602249E45300181602 /* AppDelegate.swift in Sources */ = {isa = PBXBuildFile; fileRef = D23B155F2249E45300181602 /* AppDelegate.swift */; };
		D23B15652249E45300181602 /* Main.storyboard in Resources */ = {isa = PBXBuildFile; fileRef = D23B15632249E45300181602 /* Main.storyboard */; };
		D23B15672249E45400181602 /* Assets.xcassets in Resources */ = {isa = PBXBuildFile; fileRef = D23B15662249E45400181602 /* Assets.xcassets */; };
		D23B156A2249E45400181602 /* LaunchScreen.storyboard in Resources */ = {isa = PBXBuildFile; fileRef = D23B15682249E45400181602 /* LaunchScreen.storyboard */; };
		D23B15752249EAC100181602 /* SWRevealViewController.m in Sources */ = {isa = PBXBuildFile; fileRef = D23B15742249EAC100181602 /* SWRevealViewController.m */; };
		D23B157B2249F18B00181602 /* ChatVC.swift in Sources */ = {isa = PBXBuildFile; fileRef = D23B15792249F18B00181602 /* ChatVC.swift */; };
		D23B157C2249F18B00181602 /* ChannelVC.swift in Sources */ = {isa = PBXBuildFile; fileRef = D23B157A2249F18B00181602 /* ChannelVC.swift */; };
		D25A88AB2249FF2E008018F4 /* GradientView.swift in Sources */ = {isa = PBXBuildFile; fileRef = D25A88AA2249FF2E008018F4 /* GradientView.swift */; };
		D25A88AE224A0A1C008018F4 /* Constants.swift in Sources */ = {isa = PBXBuildFile; fileRef = D25A88AD224A0A1C008018F4 /* Constants.swift */; };
		D25A88B0224A1E54008018F4 /* LoginVC.swift in Sources */ = {isa = PBXBuildFile; fileRef = D25A88AF224A1E54008018F4 /* LoginVC.swift */; };
		D25A88B2224A2058008018F4 /* CreateAccountVC.swift in Sources */ = {isa = PBXBuildFile; fileRef = D25A88B1224A2058008018F4 /* CreateAccountVC.swift */; };
		D2814342224B404100DB3F25 /* RoundedButton.swift in Sources */ = {isa = PBXBuildFile; fileRef = D2814341224B404100DB3F25 /* RoundedButton.swift */; };
		D2814344224B456600DB3F25 /* UserDataService.swift in Sources */ = {isa = PBXBuildFile; fileRef = D2814343224B456600DB3F25 /* UserDataService.swift */; };
		D2814346224B4E1C00DB3F25 /* AvatarPickerVC.swift in Sources */ = {isa = PBXBuildFile; fileRef = D2814345224B4E1C00DB3F25 /* AvatarPickerVC.swift */; };
		D2814348224B4FD000DB3F25 /* AvatarCell.swift in Sources */ = {isa = PBXBuildFile; fileRef = D2814347224B4FD000DB3F25 /* AvatarCell.swift */; };
		D281434A224B763900DB3F25 /* CircleImage.swift in Sources */ = {isa = PBXBuildFile; fileRef = D2814349224B763900DB3F25 /* CircleImage.swift */; };
		D281434D224B826B00DB3F25 /* ProfileVC.swift in Sources */ = {isa = PBXBuildFile; fileRef = D281434B224B826B00DB3F25 /* ProfileVC.swift */; };
		D281434E224B826B00DB3F25 /* ProfileVC.xib in Resources */ = {isa = PBXBuildFile; fileRef = D281434C224B826B00DB3F25 /* ProfileVC.xib */; };
		D2C21D99224A485600CF1B01 /* AuthService.swift in Sources */ = {isa = PBXBuildFile; fileRef = D2C21D98224A485600CF1B01 /* AuthService.swift */; };
/* End PBXBuildFile section */

/* Begin PBXFileReference section */
		2A0A7237D54584DB33B64144 /* Pods_Smack.framework */ = {isa = PBXFileReference; explicitFileType = wrapper.framework; includeInIndex = 0; path = Pods_Smack.framework; sourceTree = BUILT_PRODUCTS_DIR; };
		3E546AFC44B612C5238DBED2 /* Pods-Smack.release.xcconfig */ = {isa = PBXFileReference; includeInIndex = 1; lastKnownFileType = text.xcconfig; name = "Pods-Smack.release.xcconfig"; path = "Pods/Target Support Files/Pods-Smack/Pods-Smack.release.xcconfig"; sourceTree = "<group>"; };
		D23B155C2249E45300181602 /* Smack.app */ = {isa = PBXFileReference; explicitFileType = wrapper.application; includeInIndex = 0; path = Smack.app; sourceTree = BUILT_PRODUCTS_DIR; };
		D23B155F2249E45300181602 /* AppDelegate.swift */ = {isa = PBXFileReference; lastKnownFileType = sourcecode.swift; path = AppDelegate.swift; sourceTree = "<group>"; };
		D23B15642249E45300181602 /* Base */ = {isa = PBXFileReference; lastKnownFileType = file.storyboard; name = Base; path = Base.lproj/Main.storyboard; sourceTree = "<group>"; };
		D23B15662249E45400181602 /* Assets.xcassets */ = {isa = PBXFileReference; lastKnownFileType = folder.assetcatalog; path = Assets.xcassets; sourceTree = "<group>"; };
		D23B15692249E45400181602 /* Base */ = {isa = PBXFileReference; lastKnownFileType = file.storyboard; name = Base; path = Base.lproj/LaunchScreen.storyboard; sourceTree = "<group>"; };
		D23B156B2249E45400181602 /* Info.plist */ = {isa = PBXFileReference; lastKnownFileType = text.plist.xml; path = Info.plist; sourceTree = "<group>"; };
		D23B15722249EAC100181602 /* SWRevealViewController.h */ = {isa = PBXFileReference; fileEncoding = 4; lastKnownFileType = sourcecode.c.h; path = SWRevealViewController.h; sourceTree = "<group>"; };
		D23B15732249EAC100181602 /* Smack-Bridging-Header.h */ = {isa = PBXFileReference; fileEncoding = 4; lastKnownFileType = sourcecode.c.h; path = "Smack-Bridging-Header.h"; sourceTree = "<group>"; };
		D23B15742249EAC100181602 /* SWRevealViewController.m */ = {isa = PBXFileReference; fileEncoding = 4; lastKnownFileType = sourcecode.c.objc; path = SWRevealViewController.m; sourceTree = "<group>"; };
		D23B15792249F18B00181602 /* ChatVC.swift */ = {isa = PBXFileReference; fileEncoding = 4; lastKnownFileType = sourcecode.swift; path = ChatVC.swift; sourceTree = "<group>"; };
		D23B157A2249F18B00181602 /* ChannelVC.swift */ = {isa = PBXFileReference; fileEncoding = 4; lastKnownFileType = sourcecode.swift; path = ChannelVC.swift; sourceTree = "<group>"; };
		D25A88AA2249FF2E008018F4 /* GradientView.swift */ = {isa = PBXFileReference; fileEncoding = 4; lastKnownFileType = sourcecode.swift; path = GradientView.swift; sourceTree = "<group>"; };
		D25A88AD224A0A1C008018F4 /* Constants.swift */ = {isa = PBXFileReference; fileEncoding = 4; lastKnownFileType = sourcecode.swift; path = Constants.swift; sourceTree = "<group>"; };
		D25A88AF224A1E54008018F4 /* LoginVC.swift */ = {isa = PBXFileReference; fileEncoding = 4; lastKnownFileType = sourcecode.swift; path = LoginVC.swift; sourceTree = "<group>"; };
		D25A88B1224A2058008018F4 /* CreateAccountVC.swift */ = {isa = PBXFileReference; fileEncoding = 4; lastKnownFileType = sourcecode.swift; path = CreateAccountVC.swift; sourceTree = "<group>"; };
		D2814341224B404100DB3F25 /* RoundedButton.swift */ = {isa = PBXFileReference; fileEncoding = 4; lastKnownFileType = sourcecode.swift; path = RoundedButton.swift; sourceTree = "<group>"; };
		D2814343224B456600DB3F25 /* UserDataService.swift */ = {isa = PBXFileReference; fileEncoding = 4; lastKnownFileType = sourcecode.swift; path = UserDataService.swift; sourceTree = "<group>"; };
		D2814345224B4E1C00DB3F25 /* AvatarPickerVC.swift */ = {isa = PBXFileReference; fileEncoding = 4; lastKnownFileType = sourcecode.swift; path = AvatarPickerVC.swift; sourceTree = "<group>"; };
		D2814347224B4FD000DB3F25 /* AvatarCell.swift */ = {isa = PBXFileReference; fileEncoding = 4; lastKnownFileType = sourcecode.swift; path = AvatarCell.swift; sourceTree = "<group>"; };
		D2814349224B763900DB3F25 /* CircleImage.swift */ = {isa = PBXFileReference; fileEncoding = 4; lastKnownFileType = sourcecode.swift; path = CircleImage.swift; sourceTree = "<group>"; };
		D281434B224B826B00DB3F25 /* ProfileVC.swift */ = {isa = PBXFileReference; lastKnownFileType = sourcecode.swift; path = ProfileVC.swift; sourceTree = "<group>"; };
		D281434C224B826B00DB3F25 /* ProfileVC.xib */ = {isa = PBXFileReference; lastKnownFileType = file.xib; path = ProfileVC.xib; sourceTree = "<group>"; };
		D2C21D98224A485600CF1B01 /* AuthService.swift */ = {isa = PBXFileReference; fileEncoding = 4; lastKnownFileType = sourcecode.swift; path = AuthService.swift; sourceTree = "<group>"; };
		E9974D7D9D3D26C19EFF153A /* Pods-Smack.debug.xcconfig */ = {isa = PBXFileReference; includeInIndex = 1; lastKnownFileType = text.xcconfig; name = "Pods-Smack.debug.xcconfig"; path = "Pods/Target Support Files/Pods-Smack/Pods-Smack.debug.xcconfig"; sourceTree = "<group>"; };
/* End PBXFileReference section */

/* Begin PBXFrameworksBuildPhase section */
		D23B15592249E45300181602 /* Frameworks */ = {
			isa = PBXFrameworksBuildPhase;
			buildActionMask = 2147483647;
			files = (
				021262A5523285A783A8CD99 /* Pods_Smack.framework in Frameworks */,
			);
			runOnlyForDeploymentPostprocessing = 0;
		};
/* End PBXFrameworksBuildPhase section */

/* Begin PBXGroup section */
		3A325B50F6BE300CE6622965 /* Frameworks */ = {
			isa = PBXGroup;
			children = (
				2A0A7237D54584DB33B64144 /* Pods_Smack.framework */,
			);
			name = Frameworks;
			sourceTree = "<group>";
		};
		D23B15532249E45300181602 = {
			isa = PBXGroup;
			children = (
				D23B155E2249E45300181602 /* Smack */,
				D23B155D2249E45300181602 /* Products */,
				DE0D4891C27E4F9F86208FB3 /* Pods */,
				3A325B50F6BE300CE6622965 /* Frameworks */,
			);
			sourceTree = "<group>";
		};
		D23B155D2249E45300181602 /* Products */ = {
			isa = PBXGroup;
			children = (
				D23B155C2249E45300181602 /* Smack.app */,
			);
			name = Products;
			sourceTree = "<group>";
		};
		D23B155E2249E45300181602 /* Smack */ = {
			isa = PBXGroup;
			children = (
				D281434F224B829D00DB3F25 /* XIBs */,
				D2C21D97224A485600CF1B01 /* Services */,
				D25A88AC224A0A1C008018F4 /* Utilities */,
				D23B15782249F0F000181602 /* Model */,
				D23B15772249F0E400181602 /* View */,
				D23B15762249ED5300181602 /* Controller */,
				D23B15712249EAC100181602 /* Supporting Files */,
				D23B155F2249E45300181602 /* AppDelegate.swift */,
				D23B15632249E45300181602 /* Main.storyboard */,
				D23B15662249E45400181602 /* Assets.xcassets */,
				D23B15682249E45400181602 /* LaunchScreen.storyboard */,
				D23B156B2249E45400181602 /* Info.plist */,
			);
			path = Smack;
			sourceTree = "<group>";
		};
		D23B15712249EAC100181602 /* Supporting Files */ = {
			isa = PBXGroup;
			children = (
				D23B15722249EAC100181602 /* SWRevealViewController.h */,
				D23B15732249EAC100181602 /* Smack-Bridging-Header.h */,
				D23B15742249EAC100181602 /* SWRevealViewController.m */,
			);
			path = "Supporting Files";
			sourceTree = "<group>";
		};
		D23B15762249ED5300181602 /* Controller */ = {
			isa = PBXGroup;
			children = (
				D25A88AF224A1E54008018F4 /* LoginVC.swift */,
				D25A88B1224A2058008018F4 /* CreateAccountVC.swift */,
				D23B157A2249F18B00181602 /* ChannelVC.swift */,
				D23B15792249F18B00181602 /* ChatVC.swift */,
				D2814345224B4E1C00DB3F25 /* AvatarPickerVC.swift */,
				D281434B224B826B00DB3F25 /* ProfileVC.swift */,
			);
			path = Controller;
			sourceTree = "<group>";
		};
		D23B15772249F0E400181602 /* View */ = {
			isa = PBXGroup;
			children = (
				D2814349224B763900DB3F25 /* CircleImage.swift */,
				D2814347224B4FD000DB3F25 /* AvatarCell.swift */,
				D2814341224B404100DB3F25 /* RoundedButton.swift */,
				D25A88AA2249FF2E008018F4 /* GradientView.swift */,
			);
			path = View;
			sourceTree = "<group>";
		};
		D23B15782249F0F000181602 /* Model */ = {
			isa = PBXGroup;
			children = (
			);
			path = Model;
			sourceTree = "<group>";
		};
		D25A88AC224A0A1C008018F4 /* Utilities */ = {
			isa = PBXGroup;
			children = (
				D25A88AD224A0A1C008018F4 /* Constants.swift */,
			);
			path = Utilities;
			sourceTree = "<group>";
		};
		D281434F224B829D00DB3F25 /* XIBs */ = {
			isa = PBXGroup;
			children = (
				D281434C224B826B00DB3F25 /* ProfileVC.xib */,
			);
			path = XIBs;
			sourceTree = "<group>";
		};
		D2C21D97224A485600CF1B01 /* Services */ = {
			isa = PBXGroup;
			children = (
				D2814343224B456600DB3F25 /* UserDataService.swift */,
				D2C21D98224A485600CF1B01 /* AuthService.swift */,
			);
			path = Services;
			sourceTree = "<group>";
		};
		DE0D4891C27E4F9F86208FB3 /* Pods */ = {
			isa = PBXGroup;
			children = (
				E9974D7D9D3D26C19EFF153A /* Pods-Smack.debug.xcconfig */,
				3E546AFC44B612C5238DBED2 /* Pods-Smack.release.xcconfig */,
			);
			name = Pods;
			sourceTree = "<group>";
		};
/* End PBXGroup section */

/* Begin PBXNativeTarget section */
		D23B155B2249E45300181602 /* Smack */ = {
			isa = PBXNativeTarget;
			buildConfigurationList = D23B156E2249E45400181602 /* Build configuration list for PBXNativeTarget "Smack" */;
			buildPhases = (
				C6BCE544E191D85871DCC418 /* [CP] Check Pods Manifest.lock */,
				D23B15582249E45300181602 /* Sources */,
				D23B15592249E45300181602 /* Frameworks */,
				D23B155A2249E45300181602 /* Resources */,
				F99ECA7FC5020B54DED1B3FE /* [CP] Embed Pods Frameworks */,
			);
			buildRules = (
			);
			dependencies = (
			);
			name = Smack;
			productName = Smack;
			productReference = D23B155C2249E45300181602 /* Smack.app */;
			productType = "com.apple.product-type.application";
		};
/* End PBXNativeTarget section */

/* Begin PBXProject section */
		D23B15542249E45300181602 /* Project object */ = {
			isa = PBXProject;
			attributes = {
				LastSwiftUpdateCheck = 1010;
				LastUpgradeCheck = 1010;
				ORGANIZATIONNAME = iPpanther;
				TargetAttributes = {
					D23B155B2249E45300181602 = {
						CreatedOnToolsVersion = 10.1;
					};
				};
			};
			buildConfigurationList = D23B15572249E45300181602 /* Build configuration list for PBXProject "Smack" */;
			compatibilityVersion = "Xcode 9.3";
			developmentRegion = en;
			hasScannedForEncodings = 0;
			knownRegions = (
				en,
				Base,
			);
			mainGroup = D23B15532249E45300181602;
			productRefGroup = D23B155D2249E45300181602 /* Products */;
			projectDirPath = "";
			projectRoot = "";
			targets = (
				D23B155B2249E45300181602 /* Smack */,
			);
		};
/* End PBXProject section */

/* Begin PBXResourcesBuildPhase section */
		D23B155A2249E45300181602 /* Resources */ = {
			isa = PBXResourcesBuildPhase;
			buildActionMask = 2147483647;
			files = (
				D281434E224B826B00DB3F25 /* ProfileVC.xib in Resources */,
				D23B156A2249E45400181602 /* LaunchScreen.storyboard in Resources */,
				D23B15672249E45400181602 /* Assets.xcassets in Resources */,
				D23B15652249E45300181602 /* Main.storyboard in Resources */,
			);
			runOnlyForDeploymentPostprocessing = 0;
		};
/* End PBXResourcesBuildPhase section */

/* Begin PBXShellScriptBuildPhase section */
		C6BCE544E191D85871DCC418 /* [CP] Check Pods Manifest.lock */ = {
			isa = PBXShellScriptBuildPhase;
			buildActionMask = 2147483647;
			files = (
			);
			inputPaths = (
				"${PODS_PODFILE_DIR_PATH}/Podfile.lock",
				"${PODS_ROOT}/Manifest.lock",
			);
			name = "[CP] Check Pods Manifest.lock";
			outputPaths = (
				"$(DERIVED_FILE_DIR)/Pods-Smack-checkManifestLockResult.txt",
			);
			runOnlyForDeploymentPostprocessing = 0;
			shellPath = /bin/sh;
			shellScript = "diff \"${PODS_PODFILE_DIR_PATH}/Podfile.lock\" \"${PODS_ROOT}/Manifest.lock\" > /dev/null\nif [ $? != 0 ] ; then\n    # print error to STDERR\n    echo \"error: The sandbox is not in sync with the Podfile.lock. Run 'pod install' or update your CocoaPods installation.\" >&2\n    exit 1\nfi\n# This output is used by Xcode 'outputs' to avoid re-running this script phase.\necho \"SUCCESS\" > \"${SCRIPT_OUTPUT_FILE_0}\"\n";
			showEnvVarsInLog = 0;
		};
		F99ECA7FC5020B54DED1B3FE /* [CP] Embed Pods Frameworks */ = {
			isa = PBXShellScriptBuildPhase;
			buildActionMask = 2147483647;
			files = (
			);
			inputPaths = (
				"${SRCROOT}/Pods/Target Support Files/Pods-Smack/Pods-Smack-frameworks.sh",
				"${BUILT_PRODUCTS_DIR}/Alamofire/Alamofire.framework",
				"${BUILT_PRODUCTS_DIR}/Socket.IO-Client-Swift/SocketIO.framework",
				"${BUILT_PRODUCTS_DIR}/Starscream/Starscream.framework",
				"${BUILT_PRODUCTS_DIR}/SwiftyJSON/SwiftyJSON.framework",
			);
			name = "[CP] Embed Pods Frameworks";
			outputPaths = (
				"${TARGET_BUILD_DIR}/${FRAMEWORKS_FOLDER_PATH}/Alamofire.framework",
				"${TARGET_BUILD_DIR}/${FRAMEWORKS_FOLDER_PATH}/SocketIO.framework",
				"${TARGET_BUILD_DIR}/${FRAMEWORKS_FOLDER_PATH}/Starscream.framework",
				"${TARGET_BUILD_DIR}/${FRAMEWORKS_FOLDER_PATH}/SwiftyJSON.framework",
			);
			runOnlyForDeploymentPostprocessing = 0;
			shellPath = /bin/sh;
			shellScript = "\"${SRCROOT}/Pods/Target Support Files/Pods-Smack/Pods-Smack-frameworks.sh\"\n";
			showEnvVarsInLog = 0;
		};
/* End PBXShellScriptBuildPhase section */

/* Begin PBXSourcesBuildPhase section */
		D23B15582249E45300181602 /* Sources */ = {
			isa = PBXSourcesBuildPhase;
			buildActionMask = 2147483647;
			files = (
				D281434D224B826B00DB3F25 /* ProfileVC.swift in Sources */,
				D23B157C2249F18B00181602 /* ChannelVC.swift in Sources */,
				D2814346224B4E1C00DB3F25 /* AvatarPickerVC.swift in Sources */,
				D2814342224B404100DB3F25 /* RoundedButton.swift in Sources */,
				D281434A224B763900DB3F25 /* CircleImage.swift in Sources */,
				D23B157B2249F18B00181602 /* ChatVC.swift in Sources */,
				D2814344224B456600DB3F25 /* UserDataService.swift in Sources */,
				D25A88B2224A2058008018F4 /* CreateAccountVC.swift in Sources */,
				D2C21D99224A485600CF1B01 /* AuthService.swift in Sources */,
				D25A88B0224A1E54008018F4 /* LoginVC.swift in Sources */,
				D25A88AB2249FF2E008018F4 /* GradientView.swift in Sources */,
				D2814348224B4FD000DB3F25 /* AvatarCell.swift in Sources */,
				D23B15602249E45300181602 /* AppDelegate.swift in Sources */,
				D23B15752249EAC100181602 /* SWRevealViewController.m in Sources */,
				D25A88AE224A0A1C008018F4 /* Constants.swift in Sources */,
			);
			runOnlyForDeploymentPostprocessing = 0;
		};
/* End PBXSourcesBuildPhase section */

/* Begin PBXVariantGroup section */
		D23B15632249E45300181602 /* Main.storyboard */ = {
			isa = PBXVariantGroup;
			children = (
				D23B15642249E45300181602 /* Base */,
			);
			name = Main.storyboard;
			sourceTree = "<group>";
		};
		D23B15682249E45400181602 /* LaunchScreen.storyboard */ = {
			isa = PBXVariantGroup;
			children = (
				D23B15692249E45400181602 /* Base */,
			);
			name = LaunchScreen.storyboard;
			sourceTree = "<group>";
		};
/* End PBXVariantGroup section */

/* Begin XCBuildConfiguration section */
		D23B156C2249E45400181602 /* Debug */ = {
			isa = XCBuildConfiguration;
			buildSettings = {
				ALWAYS_SEARCH_USER_PATHS = NO;
				CLANG_ANALYZER_NONNULL = YES;
				CLANG_ANALYZER_NUMBER_OBJECT_CONVERSION = YES_AGGRESSIVE;
				CLANG_CXX_LANGUAGE_STANDARD = "gnu++14";
				CLANG_CXX_LIBRARY = "libc++";
				CLANG_ENABLE_MODULES = YES;
				CLANG_ENABLE_OBJC_ARC = YES;
				CLANG_ENABLE_OBJC_WEAK = YES;
				CLANG_WARN_BLOCK_CAPTURE_AUTORELEASING = YES;
				CLANG_WARN_BOOL_CONVERSION = YES;
				CLANG_WARN_COMMA = YES;
				CLANG_WARN_CONSTANT_CONVERSION = YES;
				CLANG_WARN_DEPRECATED_OBJC_IMPLEMENTATIONS = YES;
				CLANG_WARN_DIRECT_OBJC_ISA_USAGE = YES_ERROR;
				CLANG_WARN_DOCUMENTATION_COMMENTS = YES;
				CLANG_WARN_EMPTY_BODY = YES;
				CLANG_WARN_ENUM_CONVERSION = YES;
				CLANG_WARN_INFINITE_RECURSION = YES;
				CLANG_WARN_INT_CONVERSION = YES;
				CLANG_WARN_NON_LITERAL_NULL_CONVERSION = YES;
				CLANG_WARN_OBJC_IMPLICIT_RETAIN_SELF = YES;
				CLANG_WARN_OBJC_LITERAL_CONVERSION = YES;
				CLANG_WARN_OBJC_ROOT_CLASS = YES_ERROR;
				CLANG_WARN_RANGE_LOOP_ANALYSIS = YES;
				CLANG_WARN_STRICT_PROTOTYPES = YES;
				CLANG_WARN_SUSPICIOUS_MOVE = YES;
				CLANG_WARN_UNGUARDED_AVAILABILITY = YES_AGGRESSIVE;
				CLANG_WARN_UNREACHABLE_CODE = YES;
				CLANG_WARN__DUPLICATE_METHOD_MATCH = YES;
				CODE_SIGN_IDENTITY = "iPhone Developer";
				COPY_PHASE_STRIP = NO;
				DEBUG_INFORMATION_FORMAT = dwarf;
				ENABLE_STRICT_OBJC_MSGSEND = YES;
				ENABLE_TESTABILITY = YES;
				GCC_C_LANGUAGE_STANDARD = gnu11;
				GCC_DYNAMIC_NO_PIC = NO;
				GCC_NO_COMMON_BLOCKS = YES;
				GCC_OPTIMIZATION_LEVEL = 0;
				GCC_PREPROCESSOR_DEFINITIONS = (
					"DEBUG=1",
					"$(inherited)",
				);
				GCC_WARN_64_TO_32_BIT_CONVERSION = YES;
				GCC_WARN_ABOUT_RETURN_TYPE = YES_ERROR;
				GCC_WARN_UNDECLARED_SELECTOR = YES;
				GCC_WARN_UNINITIALIZED_AUTOS = YES_AGGRESSIVE;
				GCC_WARN_UNUSED_FUNCTION = YES;
				GCC_WARN_UNUSED_VARIABLE = YES;
				IPHONEOS_DEPLOYMENT_TARGET = 12.1;
				MTL_ENABLE_DEBUG_INFO = INCLUDE_SOURCE;
				MTL_FAST_MATH = YES;
				ONLY_ACTIVE_ARCH = YES;
				SDKROOT = iphoneos;
				SWIFT_ACTIVE_COMPILATION_CONDITIONS = DEBUG;
				SWIFT_OPTIMIZATION_LEVEL = "-Onone";
			};
			name = Debug;
		};
		D23B156D2249E45400181602 /* Release */ = {
			isa = XCBuildConfiguration;
			buildSettings = {
				ALWAYS_SEARCH_USER_PATHS = NO;
				CLANG_ANALYZER_NONNULL = YES;
				CLANG_ANALYZER_NUMBER_OBJECT_CONVERSION = YES_AGGRESSIVE;
				CLANG_CXX_LANGUAGE_STANDARD = "gnu++14";
				CLANG_CXX_LIBRARY = "libc++";
				CLANG_ENABLE_MODULES = YES;
				CLANG_ENABLE_OBJC_ARC = YES;
				CLANG_ENABLE_OBJC_WEAK = YES;
				CLANG_WARN_BLOCK_CAPTURE_AUTORELEASING = YES;
				CLANG_WARN_BOOL_CONVERSION = YES;
				CLANG_WARN_COMMA = YES;
				CLANG_WARN_CONSTANT_CONVERSION = YES;
				CLANG_WARN_DEPRECATED_OBJC_IMPLEMENTATIONS = YES;
				CLANG_WARN_DIRECT_OBJC_ISA_USAGE = YES_ERROR;
				CLANG_WARN_DOCUMENTATION_COMMENTS = YES;
				CLANG_WARN_EMPTY_BODY = YES;
				CLANG_WARN_ENUM_CONVERSION = YES;
				CLANG_WARN_INFINITE_RECURSION = YES;
				CLANG_WARN_INT_CONVERSION = YES;
				CLANG_WARN_NON_LITERAL_NULL_CONVERSION = YES;
				CLANG_WARN_OBJC_IMPLICIT_RETAIN_SELF = YES;
				CLANG_WARN_OBJC_LITERAL_CONVERSION = YES;
				CLANG_WARN_OBJC_ROOT_CLASS = YES_ERROR;
				CLANG_WARN_RANGE_LOOP_ANALYSIS = YES;
				CLANG_WARN_STRICT_PROTOTYPES = YES;
				CLANG_WARN_SUSPICIOUS_MOVE = YES;
				CLANG_WARN_UNGUARDED_AVAILABILITY = YES_AGGRESSIVE;
				CLANG_WARN_UNREACHABLE_CODE = YES;
				CLANG_WARN__DUPLICATE_METHOD_MATCH = YES;
				CODE_SIGN_IDENTITY = "iPhone Developer";
				COPY_PHASE_STRIP = NO;
				DEBUG_INFORMATION_FORMAT = "dwarf-with-dsym";
				ENABLE_NS_ASSERTIONS = NO;
				ENABLE_STRICT_OBJC_MSGSEND = YES;
				GCC_C_LANGUAGE_STANDARD = gnu11;
				GCC_NO_COMMON_BLOCKS = YES;
				GCC_WARN_64_TO_32_BIT_CONVERSION = YES;
				GCC_WARN_ABOUT_RETURN_TYPE = YES_ERROR;
				GCC_WARN_UNDECLARED_SELECTOR = YES;
				GCC_WARN_UNINITIALIZED_AUTOS = YES_AGGRESSIVE;
				GCC_WARN_UNUSED_FUNCTION = YES;
				GCC_WARN_UNUSED_VARIABLE = YES;
				IPHONEOS_DEPLOYMENT_TARGET = 12.1;
				MTL_ENABLE_DEBUG_INFO = NO;
				MTL_FAST_MATH = YES;
				SDKROOT = iphoneos;
				SWIFT_COMPILATION_MODE = wholemodule;
				SWIFT_OPTIMIZATION_LEVEL = "-O";
				VALIDATE_PRODUCT = YES;
			};
			name = Release;
		};
		D23B156F2249E45400181602 /* Debug */ = {
			isa = XCBuildConfiguration;
			baseConfigurationReference = E9974D7D9D3D26C19EFF153A /* Pods-Smack.debug.xcconfig */;
			buildSettings = {
				ASSETCATALOG_COMPILER_APPICON_NAME = AppIcon;
				CODE_SIGN_STYLE = Automatic;
				DEVELOPMENT_TEAM = A67AN3D4SK;
				INFOPLIST_FILE = Smack/Info.plist;
				LD_RUNPATH_SEARCH_PATHS = (
					"$(inherited)",
					"@executable_path/Frameworks",
				);
				PRODUCT_BUNDLE_IDENTIFIER = iP.Smack;
				PRODUCT_NAME = "$(TARGET_NAME)";
				SWIFT_OBJC_BRIDGING_HEADER = "Smack/Supporting Files/Smack-Bridging-Header.h";
				SWIFT_VERSION = 4.2;
				TARGETED_DEVICE_FAMILY = "1,2";
			};
			name = Debug;
		};
		D23B15702249E45400181602 /* Release */ = {
			isa = XCBuildConfiguration;
			baseConfigurationReference = 3E546AFC44B612C5238DBED2 /* Pods-Smack.release.xcconfig */;
			buildSettings = {
				ASSETCATALOG_COMPILER_APPICON_NAME = AppIcon;
				CODE_SIGN_STYLE = Automatic;
				DEVELOPMENT_TEAM = A67AN3D4SK;
				INFOPLIST_FILE = Smack/Info.plist;
				LD_RUNPATH_SEARCH_PATHS = (
					"$(inherited)",
					"@executable_path/Frameworks",
				);
				PRODUCT_BUNDLE_IDENTIFIER = iP.Smack;
				PRODUCT_NAME = "$(TARGET_NAME)";
				SWIFT_OBJC_BRIDGING_HEADER = "Smack/Supporting Files/Smack-Bridging-Header.h";
				SWIFT_VERSION = 4.2;
				TARGETED_DEVICE_FAMILY = "1,2";
			};
			name = Release;
		};
/* End XCBuildConfiguration section */

/* Begin XCConfigurationList section */
		D23B15572249E45300181602 /* Build configuration list for PBXProject "Smack" */ = {
			isa = XCConfigurationList;
			buildConfigurations = (
				D23B156C2249E45400181602 /* Debug */,
				D23B156D2249E45400181602 /* Release */,
			);
			defaultConfigurationIsVisible = 0;
			defaultConfigurationName = Release;
		};
		D23B156E2249E45400181602 /* Build configuration list for PBXNativeTarget "Smack" */ = {
			isa = XCConfigurationList;
			buildConfigurations = (
				D23B156F2249E45400181602 /* Debug */,
				D23B15702249E45400181602 /* Release */,
			);
			defaultConfigurationIsVisible = 0;
			defaultConfigurationName = Release;
		};
/* End XCConfigurationList section */
	};
	rootObject = D23B15542249E45300181602 /* Project object */;
}
